// !$*UTF8*$!
{
	archiveVersion = 1;
	classes = {
	};
	objectVersion = 46;
	objects = {

/* Begin PBXBuildFile section */
		4FAC4CCE1D2BE8390099511F /* Weather.swift in Sources */ = {isa = PBXBuildFile; fileRef = 4FAC4CCD1D2BE8390099511F /* Weather.swift */; };
		4FAC4CD11D2BF1030099511F /* Result.swift in Sources */ = {isa = PBXBuildFile; fileRef = 4FAC4CD01D2BF1030099511F /* Result.swift */; };
		4FAC4CD51D2BF2020099511F /* WeatherViewController.swift in Sources */ = {isa = PBXBuildFile; fileRef = 4FAC4CD41D2BF2020099511F /* WeatherViewController.swift */; };
		4FAC4CD81D2BF2EF0099511F /* WeatherServiceMock.swift in Sources */ = {isa = PBXBuildFile; fileRef = 4FAC4CD71D2BF2EF0099511F /* WeatherServiceMock.swift */; };
		4FAC4CDB1D2BF5C00099511F /* WeatherViewControllerTests.swift in Sources */ = {isa = PBXBuildFile; fileRef = 4FAC4CDA1D2BF5C00099511F /* WeatherViewControllerTests.swift */; };
		4FAC4CDE1D2BF6190099511F /* Nimble.framework in Frameworks */ = {isa = PBXBuildFile; fileRef = 4FAC4CDC1D2BF6190099511F /* Nimble.framework */; };
		4FAC4CDF1D2BF6190099511F /* Quick.framework in Frameworks */ = {isa = PBXBuildFile; fileRef = 4FAC4CDD1D2BF6190099511F /* Quick.framework */; };
		4FAC4CE21D2BFFF20099511F /* Request.swift in Sources */ = {isa = PBXBuildFile; fileRef = 4FAC4CE11D2BFFF20099511F /* Request.swift */; };
		4FAC4CE51D2C05800099511F /* RequestSpec.swift in Sources */ = {isa = PBXBuildFile; fileRef = 4FAC4CE41D2C05800099511F /* RequestSpec.swift */; };
		4FAC4CE71D2C0D310099511F /* ResultParsing.swift in Sources */ = {isa = PBXBuildFile; fileRef = 4FAC4CE61D2C0D310099511F /* ResultParsing.swift */; };
		4FAC4CE91D2C1C660099511F /* SendableRequestSpec.swift in Sources */ = {isa = PBXBuildFile; fileRef = 4FAC4CE81D2C1C660099511F /* SendableRequestSpec.swift */; };
		4FAC4CEB1D2C68DC0099511F /* Temperature.swift in Sources */ = {isa = PBXBuildFile; fileRef = 4FAC4CEA1D2C68DC0099511F /* Temperature.swift */; };
		4FAC4CED1D2C69400099511F /* TemperatureTests.swift in Sources */ = {isa = PBXBuildFile; fileRef = 4FAC4CEC1D2C69400099511F /* TemperatureTests.swift */; };
		4FAC4CEF1D2C7C010099511F /* ForecastRequest.swift in Sources */ = {isa = PBXBuildFile; fileRef = 4FAC4CEE1D2C7C010099511F /* ForecastRequest.swift */; };
		4FAC4CF21D2C7D860099511F /* WeatherTests.swift in Sources */ = {isa = PBXBuildFile; fileRef = 4FAC4CF11D2C7D860099511F /* WeatherTests.swift */; };
		4FAC4CF51D2C7EDD0099511F /* WeatherData.swift in Sources */ = {isa = PBXBuildFile; fileRef = 4FAC4CF41D2C7EDD0099511F /* WeatherData.swift */; };
		4FAC4CF71D2D800F0099511F /* Forecast.swift in Sources */ = {isa = PBXBuildFile; fileRef = 4FAC4CF61D2D800F0099511F /* Forecast.swift */; };
		4FAC4CF91D2D80820099511F /* ForecastSpec.swift in Sources */ = {isa = PBXBuildFile; fileRef = 4FAC4CF81D2D80820099511F /* ForecastSpec.swift */; };
		4FAC4CFB1D2D80F50099511F /* ForecastData.swift in Sources */ = {isa = PBXBuildFile; fileRef = 4FAC4CFA1D2D80F50099511F /* ForecastData.swift */; };
		4FAC4CFD1D2D85DE0099511F /* Data.swift in Sources */ = {isa = PBXBuildFile; fileRef = 4FAC4CFC1D2D85DE0099511F /* Data.swift */; };
		4FAC4D001D2D8FA70099511F /* Colors.swift in Sources */ = {isa = PBXBuildFile; fileRef = 4FAC4CFF1D2D8FA70099511F /* Colors.swift */; };
		4FAC4D021D2D92270099511F /* ForecastRequestSpec.swift in Sources */ = {isa = PBXBuildFile; fileRef = 4FAC4D011D2D92270099511F /* ForecastRequestSpec.swift */; };
		4FD74A581D2B3DFA007DEF38 /* AppDelegate.swift in Sources */ = {isa = PBXBuildFile; fileRef = 4FD74A571D2B3DFA007DEF38 /* AppDelegate.swift */; };
		4FD74A5D1D2B3DFA007DEF38 /* Main.storyboard in Resources */ = {isa = PBXBuildFile; fileRef = 4FD74A5B1D2B3DFA007DEF38 /* Main.storyboard */; };
		4FD74A5F1D2B3DFA007DEF38 /* Assets.xcassets in Resources */ = {isa = PBXBuildFile; fileRef = 4FD74A5E1D2B3DFA007DEF38 /* Assets.xcassets */; };
		4FD74A621D2B3DFA007DEF38 /* LaunchScreen.storyboard in Resources */ = {isa = PBXBuildFile; fileRef = 4FD74A601D2B3DFA007DEF38 /* LaunchScreen.storyboard */; };
		4FD74A781D2B3DFA007DEF38 /* UmbrellaUITests.swift in Sources */ = {isa = PBXBuildFile; fileRef = 4FD74A771D2B3DFA007DEF38 /* UmbrellaUITests.swift */; };
		4FD74A881D2B3EBA007DEF38 /* Service.swift in Sources */ = {isa = PBXBuildFile; fileRef = 4FD74A871D2B3EBA007DEF38 /* Service.swift */; };
/* End PBXBuildFile section */

/* Begin PBXContainerItemProxy section */
		4FD74A691D2B3DFA007DEF38 /* PBXContainerItemProxy */ = {
			isa = PBXContainerItemProxy;
			containerPortal = 4FD74A4C1D2B3DFA007DEF38 /* Project object */;
			proxyType = 1;
			remoteGlobalIDString = 4FD74A531D2B3DFA007DEF38;
			remoteInfo = Umbrella;
		};
		4FD74A741D2B3DFA007DEF38 /* PBXContainerItemProxy */ = {
			isa = PBXContainerItemProxy;
			containerPortal = 4FD74A4C1D2B3DFA007DEF38 /* Project object */;
			proxyType = 1;
			remoteGlobalIDString = 4FD74A531D2B3DFA007DEF38;
			remoteInfo = Umbrella;
		};
/* End PBXContainerItemProxy section */

/* Begin PBXFileReference section */
		4FAC4CCD1D2BE8390099511F /* Weather.swift */ = {isa = PBXFileReference; fileEncoding = 4; lastKnownFileType = sourcecode.swift; name = Weather.swift; path = Models/Weather.swift; sourceTree = "<group>"; };
		4FAC4CD01D2BF1030099511F /* Result.swift */ = {isa = PBXFileReference; fileEncoding = 4; lastKnownFileType = sourcecode.swift; name = Result.swift; path = Providers/Result.swift; sourceTree = "<group>"; };
		4FAC4CD41D2BF2020099511F /* WeatherViewController.swift */ = {isa = PBXFileReference; fileEncoding = 4; lastKnownFileType = sourcecode.swift; name = WeatherViewController.swift; path = Controllers/WeatherViewController.swift; sourceTree = "<group>"; };
		4FAC4CD71D2BF2EF0099511F /* WeatherServiceMock.swift */ = {isa = PBXFileReference; fileEncoding = 4; lastKnownFileType = sourcecode.swift; name = WeatherServiceMock.swift; path = Mocks/Services/WeatherServiceMock.swift; sourceTree = "<group>"; };
		4FAC4CDA1D2BF5C00099511F /* WeatherViewControllerTests.swift */ = {isa = PBXFileReference; fileEncoding = 4; lastKnownFileType = sourcecode.swift; name = WeatherViewControllerTests.swift; path = Controllers/WeatherViewControllerTests.swift; sourceTree = "<group>"; };
		4FAC4CDC1D2BF6190099511F /* Nimble.framework */ = {isa = PBXFileReference; lastKnownFileType = wrapper.framework; name = Nimble.framework; path = ../Carthage/Build/iOS/Nimble.framework; sourceTree = "<group>"; };
		4FAC4CDD1D2BF6190099511F /* Quick.framework */ = {isa = PBXFileReference; lastKnownFileType = wrapper.framework; name = Quick.framework; path = ../Carthage/Build/iOS/Quick.framework; sourceTree = "<group>"; };
		4FAC4CE11D2BFFF20099511F /* Request.swift */ = {isa = PBXFileReference; fileEncoding = 4; lastKnownFileType = sourcecode.swift; name = Request.swift; path = Request/Request.swift; sourceTree = "<group>"; };
		4FAC4CE41D2C05800099511F /* RequestSpec.swift */ = {isa = PBXFileReference; fileEncoding = 4; lastKnownFileType = sourcecode.swift; name = RequestSpec.swift; path = Request/RequestSpec.swift; sourceTree = "<group>"; };
		4FAC4CE61D2C0D310099511F /* ResultParsing.swift */ = {isa = PBXFileReference; fileEncoding = 4; lastKnownFileType = sourcecode.swift; name = ResultParsing.swift; path = Request/ResultParsing.swift; sourceTree = "<group>"; };
		4FAC4CE81D2C1C660099511F /* SendableRequestSpec.swift */ = {isa = PBXFileReference; fileEncoding = 4; lastKnownFileType = sourcecode.swift; name = SendableRequestSpec.swift; path = Request/SendableRequestSpec.swift; sourceTree = "<group>"; };
		4FAC4CEA1D2C68DC0099511F /* Temperature.swift */ = {isa = PBXFileReference; fileEncoding = 4; lastKnownFileType = sourcecode.swift; name = Temperature.swift; path = Models/Temperature.swift; sourceTree = "<group>"; };
		4FAC4CEC1D2C69400099511F /* TemperatureTests.swift */ = {isa = PBXFileReference; fileEncoding = 4; lastKnownFileType = sourcecode.swift; name = TemperatureTests.swift; path = Models/TemperatureTests.swift; sourceTree = "<group>"; };
		4FAC4CEE1D2C7C010099511F /* ForecastRequest.swift */ = {isa = PBXFileReference; fileEncoding = 4; lastKnownFileType = sourcecode.swift; name = ForecastRequest.swift; path = Request/ForecastRequest.swift; sourceTree = "<group>"; };
		4FAC4CF11D2C7D860099511F /* WeatherTests.swift */ = {isa = PBXFileReference; fileEncoding = 4; lastKnownFileType = sourcecode.swift; name = WeatherTests.swift; path = Models/WeatherTests.swift; sourceTree = "<group>"; };
		4FAC4CF41D2C7EDD0099511F /* WeatherData.swift */ = {isa = PBXFileReference; fileEncoding = 4; lastKnownFileType = sourcecode.swift; name = WeatherData.swift; path = Data/WeatherData.swift; sourceTree = "<group>"; };
		4FAC4CF61D2D800F0099511F /* Forecast.swift */ = {isa = PBXFileReference; fileEncoding = 4; lastKnownFileType = sourcecode.swift; name = Forecast.swift; path = Models/Forecast.swift; sourceTree = "<group>"; };
		4FAC4CF81D2D80820099511F /* ForecastSpec.swift */ = {isa = PBXFileReference; fileEncoding = 4; lastKnownFileType = sourcecode.swift; name = ForecastSpec.swift; path = Models/ForecastSpec.swift; sourceTree = "<group>"; };
		4FAC4CFA1D2D80F50099511F /* ForecastData.swift */ = {isa = PBXFileReference; fileEncoding = 4; lastKnownFileType = sourcecode.swift; name = ForecastData.swift; path = Data/ForecastData.swift; sourceTree = "<group>"; };
		4FAC4CFC1D2D85DE0099511F /* Data.swift */ = {isa = PBXFileReference; fileEncoding = 4; lastKnownFileType = sourcecode.swift; path = Data.swift; sourceTree = "<group>"; };
		4FAC4CFF1D2D8FA70099511F /* Colors.swift */ = {isa = PBXFileReference; fileEncoding = 4; lastKnownFileType = sourcecode.swift; name = Colors.swift; path = Defaults/Colors.swift; sourceTree = "<group>"; };
		4FAC4D011D2D92270099511F /* ForecastRequestSpec.swift */ = {isa = PBXFileReference; fileEncoding = 4; lastKnownFileType = sourcecode.swift; name = ForecastRequestSpec.swift; path = Request/ForecastRequestSpec.swift; sourceTree = "<group>"; };
		4FD74A541D2B3DFA007DEF38 /* Umbrella.app */ = {isa = PBXFileReference; explicitFileType = wrapper.application; includeInIndex = 0; path = Umbrella.app; sourceTree = BUILT_PRODUCTS_DIR; };
		4FD74A571D2B3DFA007DEF38 /* AppDelegate.swift */ = {isa = PBXFileReference; lastKnownFileType = sourcecode.swift; path = AppDelegate.swift; sourceTree = "<group>"; };
		4FD74A5C1D2B3DFA007DEF38 /* Base */ = {isa = PBXFileReference; lastKnownFileType = file.storyboard; name = Base; path = Base.lproj/Main.storyboard; sourceTree = "<group>"; };
		4FD74A5E1D2B3DFA007DEF38 /* Assets.xcassets */ = {isa = PBXFileReference; lastKnownFileType = folder.assetcatalog; path = Assets.xcassets; sourceTree = "<group>"; };
		4FD74A611D2B3DFA007DEF38 /* Base */ = {isa = PBXFileReference; lastKnownFileType = file.storyboard; name = Base; path = Base.lproj/LaunchScreen.storyboard; sourceTree = "<group>"; };
		4FD74A631D2B3DFA007DEF38 /* Info.plist */ = {isa = PBXFileReference; lastKnownFileType = text.plist.xml; path = Info.plist; sourceTree = "<group>"; };
		4FD74A681D2B3DFA007DEF38 /* UmbrellaTests.xctest */ = {isa = PBXFileReference; explicitFileType = wrapper.cfbundle; includeInIndex = 0; path = UmbrellaTests.xctest; sourceTree = BUILT_PRODUCTS_DIR; };
		4FD74A6E1D2B3DFA007DEF38 /* Info.plist */ = {isa = PBXFileReference; lastKnownFileType = text.plist.xml; path = Info.plist; sourceTree = "<group>"; };
		4FD74A731D2B3DFA007DEF38 /* UmbrellaUITests.xctest */ = {isa = PBXFileReference; explicitFileType = wrapper.cfbundle; includeInIndex = 0; path = UmbrellaUITests.xctest; sourceTree = BUILT_PRODUCTS_DIR; };
		4FD74A771D2B3DFA007DEF38 /* UmbrellaUITests.swift */ = {isa = PBXFileReference; lastKnownFileType = sourcecode.swift; path = UmbrellaUITests.swift; sourceTree = "<group>"; };
		4FD74A791D2B3DFA007DEF38 /* Info.plist */ = {isa = PBXFileReference; lastKnownFileType = text.plist.xml; path = Info.plist; sourceTree = "<group>"; };
		4FD74A871D2B3EBA007DEF38 /* Service.swift */ = {isa = PBXFileReference; fileEncoding = 4; lastKnownFileType = sourcecode.swift; name = Service.swift; path = Providers/Service.swift; sourceTree = "<group>"; };
/* End PBXFileReference section */

/* Begin PBXFrameworksBuildPhase section */
		4FD74A511D2B3DFA007DEF38 /* Frameworks */ = {
			isa = PBXFrameworksBuildPhase;
			buildActionMask = 2147483647;
			files = (
			);
			runOnlyForDeploymentPostprocessing = 0;
		};
		4FD74A651D2B3DFA007DEF38 /* Frameworks */ = {
			isa = PBXFrameworksBuildPhase;
			buildActionMask = 2147483647;
			files = (
				4FAC4CDE1D2BF6190099511F /* Nimble.framework in Frameworks */,
				4FAC4CDF1D2BF6190099511F /* Quick.framework in Frameworks */,
			);
			runOnlyForDeploymentPostprocessing = 0;
		};
		4FD74A701D2B3DFA007DEF38 /* Frameworks */ = {
			isa = PBXFrameworksBuildPhase;
			buildActionMask = 2147483647;
			files = (
			);
			runOnlyForDeploymentPostprocessing = 0;
		};
/* End PBXFrameworksBuildPhase section */

/* Begin PBXGroup section */
		4FAC4CC51D2B3FA40099511F /* Models */ = {
			isa = PBXGroup;
			children = (
				4FAC4CCD1D2BE8390099511F /* Weather.swift */,
				4FAC4CEA1D2C68DC0099511F /* Temperature.swift */,
				4FAC4CF61D2D800F0099511F /* Forecast.swift */,
			);
			name = Models;
			sourceTree = "<group>";
		};
		4FAC4CC61D2B409C0099511F /* Mocks */ = {
			isa = PBXGroup;
			children = (
				4FAC4CD91D2BF2F20099511F /* Services */,
			);
			name = Mocks;
			sourceTree = "<group>";
		};
		4FAC4CCC1D2BE7A60099511F /* Models */ = {
			isa = PBXGroup;
			children = (
				4FAC4CEC1D2C69400099511F /* TemperatureTests.swift */,
				4FAC4CF11D2C7D860099511F /* WeatherTests.swift */,
				4FAC4CF81D2D80820099511F /* ForecastSpec.swift */,
			);
			name = Models;
			sourceTree = "<group>";
		};
		4FAC4CCF1D2BF0910099511F /* Request */ = {
			isa = PBXGroup;
			children = (
				4FAC4CE11D2BFFF20099511F /* Request.swift */,
				4FAC4CE61D2C0D310099511F /* ResultParsing.swift */,
				4FAC4CEE1D2C7C010099511F /* ForecastRequest.swift */,
			);
			name = Request;
			sourceTree = "<group>";
		};
		4FAC4CD31D2BF19E0099511F /* Controllers */ = {
			isa = PBXGroup;
			children = (
				4FAC4CD41D2BF2020099511F /* WeatherViewController.swift */,
			);
			name = Controllers;
			sourceTree = "<group>";
		};
		4FAC4CD61D2BF2CA0099511F /* Controllers */ = {
			isa = PBXGroup;
			children = (
				4FAC4CDA1D2BF5C00099511F /* WeatherViewControllerTests.swift */,
			);
			name = Controllers;
			sourceTree = "<group>";
		};
		4FAC4CD91D2BF2F20099511F /* Services */ = {
			isa = PBXGroup;
			children = (
				4FAC4CD71D2BF2EF0099511F /* WeatherServiceMock.swift */,
			);
			name = Services;
			sourceTree = "<group>";
		};
		4FAC4CE01D2BF6AB0099511F /* Frameworks */ = {
			isa = PBXGroup;
			children = (
				4FAC4CDC1D2BF6190099511F /* Nimble.framework */,
				4FAC4CDD1D2BF6190099511F /* Quick.framework */,
			);
			name = Frameworks;
			path = UmbrellaTests;
			sourceTree = "<group>";
		};
		4FAC4CE31D2C05680099511F /* Request */ = {
			isa = PBXGroup;
			children = (
				4FAC4CE41D2C05800099511F /* RequestSpec.swift */,
				4FAC4CE81D2C1C660099511F /* SendableRequestSpec.swift */,
				4FAC4D011D2D92270099511F /* ForecastRequestSpec.swift */,
			);
			name = Request;
			sourceTree = "<group>";
		};
		4FAC4CF31D2C7DA10099511F /* Data */ = {
			isa = PBXGroup;
			children = (
				4FAC4CF41D2C7EDD0099511F /* WeatherData.swift */,
				4FAC4CFA1D2D80F50099511F /* ForecastData.swift */,
				4FAC4CFC1D2D85DE0099511F /* Data.swift */,
			);
			name = Data;
			sourceTree = "<group>";
		};
		4FAC4CFE1D2D8F8B0099511F /* Defaults */ = {
			isa = PBXGroup;
			children = (
				4FAC4CFF1D2D8FA70099511F /* Colors.swift */,
			);
			name = Defaults;
			sourceTree = "<group>";
		};
		4FD74A4B1D2B3DFA007DEF38 = {
			isa = PBXGroup;
			children = (
				4FD74A561D2B3DFA007DEF38 /* Umbrella */,
				4FD74A6B1D2B3DFA007DEF38 /* UmbrellaTests */,
				4FAC4CE01D2BF6AB0099511F /* Frameworks */,
				4FD74A761D2B3DFA007DEF38 /* UmbrellaUITests */,
				4FD74A551D2B3DFA007DEF38 /* Products */,
			);
			sourceTree = "<group>";
		};
		4FD74A551D2B3DFA007DEF38 /* Products */ = {
			isa = PBXGroup;
			children = (
				4FD74A541D2B3DFA007DEF38 /* Umbrella.app */,
				4FD74A681D2B3DFA007DEF38 /* UmbrellaTests.xctest */,
				4FD74A731D2B3DFA007DEF38 /* UmbrellaUITests.xctest */,
			);
			name = Products;
			sourceTree = "<group>";
		};
		4FD74A561D2B3DFA007DEF38 /* Umbrella */ = {
			isa = PBXGroup;
			children = (
				4FAC4CFE1D2D8F8B0099511F /* Defaults */,
				4FAC4CD31D2BF19E0099511F /* Controllers */,
				4FAC4CCF1D2BF0910099511F /* Request */,
				4FAC4CC51D2B3FA40099511F /* Models */,
				4FD74A851D2B3E07007DEF38 /* Services */,
				4FD74A571D2B3DFA007DEF38 /* AppDelegate.swift */,
				4FD74A5B1D2B3DFA007DEF38 /* Main.storyboard */,
				4FD74A5E1D2B3DFA007DEF38 /* Assets.xcassets */,
				4FD74A601D2B3DFA007DEF38 /* LaunchScreen.storyboard */,
				4FD74A631D2B3DFA007DEF38 /* Info.plist */,
			);
			path = Umbrella;
			sourceTree = "<group>";
		};
		4FD74A6B1D2B3DFA007DEF38 /* UmbrellaTests */ = {
			isa = PBXGroup;
			children = (
				4FAC4CF31D2C7DA10099511F /* Data */,
				4FAC4CD61D2BF2CA0099511F /* Controllers */,
				4FAC4CC61D2B409C0099511F /* Mocks */,
				4FAC4CCC1D2BE7A60099511F /* Models */,
				4FAC4CE31D2C05680099511F /* Request */,
				4FD74A861D2B3E0F007DEF38 /* Services */,
				4FD74A6E1D2B3DFA007DEF38 /* Info.plist */,
			);
			path = UmbrellaTests;
			sourceTree = "<group>";
		};
		4FD74A761D2B3DFA007DEF38 /* UmbrellaUITests */ = {
			isa = PBXGroup;
			children = (
				4FD74A771D2B3DFA007DEF38 /* UmbrellaUITests.swift */,
				4FD74A791D2B3DFA007DEF38 /* Info.plist */,
			);
			path = UmbrellaUITests;
			sourceTree = "<group>";
		};
		4FD74A851D2B3E07007DEF38 /* Services */ = {
			isa = PBXGroup;
			children = (
				4FD74A871D2B3EBA007DEF38 /* Service.swift */,
				4FAC4CD01D2BF1030099511F /* Result.swift */,
			);
			name = Services;
			sourceTree = "<group>";
		};
		4FD74A861D2B3E0F007DEF38 /* Services */ = {
			isa = PBXGroup;
			children = (
			);
			name = Services;
			sourceTree = "<group>";
		};
/* End PBXGroup section */

/* Begin PBXNativeTarget section */
		4FD74A531D2B3DFA007DEF38 /* Umbrella */ = {
			isa = PBXNativeTarget;
			buildConfigurationList = 4FD74A7C1D2B3DFA007DEF38 /* Build configuration list for PBXNativeTarget "Umbrella" */;
			buildPhases = (
				4FD74A501D2B3DFA007DEF38 /* Sources */,
				4FD74A511D2B3DFA007DEF38 /* Frameworks */,
				4FD74A521D2B3DFA007DEF38 /* Resources */,
			);
			buildRules = (
			);
			dependencies = (
			);
			name = Umbrella;
			productName = Umbrella;
			productReference = 4FD74A541D2B3DFA007DEF38 /* Umbrella.app */;
			productType = "com.apple.product-type.application";
		};
		4FD74A671D2B3DFA007DEF38 /* UmbrellaTests */ = {
			isa = PBXNativeTarget;
			buildConfigurationList = 4FD74A7F1D2B3DFA007DEF38 /* Build configuration list for PBXNativeTarget "UmbrellaTests" */;
			buildPhases = (
				4FD74A641D2B3DFA007DEF38 /* Sources */,
				4FD74A651D2B3DFA007DEF38 /* Frameworks */,
				4FD74A661D2B3DFA007DEF38 /* Resources */,
			);
			buildRules = (
			);
			dependencies = (
				4FD74A6A1D2B3DFA007DEF38 /* PBXTargetDependency */,
			);
			name = UmbrellaTests;
			productName = UmbrellaTests;
			productReference = 4FD74A681D2B3DFA007DEF38 /* UmbrellaTests.xctest */;
			productType = "com.apple.product-type.bundle.unit-test";
		};
		4FD74A721D2B3DFA007DEF38 /* UmbrellaUITests */ = {
			isa = PBXNativeTarget;
			buildConfigurationList = 4FD74A821D2B3DFA007DEF38 /* Build configuration list for PBXNativeTarget "UmbrellaUITests" */;
			buildPhases = (
				4FD74A6F1D2B3DFA007DEF38 /* Sources */,
				4FD74A701D2B3DFA007DEF38 /* Frameworks */,
				4FD74A711D2B3DFA007DEF38 /* Resources */,
			);
			buildRules = (
			);
			dependencies = (
				4FD74A751D2B3DFA007DEF38 /* PBXTargetDependency */,
			);
			name = UmbrellaUITests;
			productName = UmbrellaUITests;
			productReference = 4FD74A731D2B3DFA007DEF38 /* UmbrellaUITests.xctest */;
			productType = "com.apple.product-type.bundle.ui-testing";
		};
/* End PBXNativeTarget section */

/* Begin PBXProject section */
		4FD74A4C1D2B3DFA007DEF38 /* Project object */ = {
			isa = PBXProject;
			attributes = {
				LastSwiftUpdateCheck = 0730;
				LastUpgradeCheck = 0730;
				ORGANIZATIONNAME = "Elliott Minns";
				TargetAttributes = {
					4FD74A531D2B3DFA007DEF38 = {
						CreatedOnToolsVersion = 7.3.1;
						DevelopmentTeam = 8S4N3E7VRA;
					};
					4FD74A671D2B3DFA007DEF38 = {
						CreatedOnToolsVersion = 7.3.1;
						TestTargetID = 4FD74A531D2B3DFA007DEF38;
					};
					4FD74A721D2B3DFA007DEF38 = {
						CreatedOnToolsVersion = 7.3.1;
						TestTargetID = 4FD74A531D2B3DFA007DEF38;
					};
				};
			};
			buildConfigurationList = 4FD74A4F1D2B3DFA007DEF38 /* Build configuration list for PBXProject "Umbrella" */;
			compatibilityVersion = "Xcode 3.2";
			developmentRegion = English;
			hasScannedForEncodings = 0;
			knownRegions = (
				en,
				Base,
			);
			mainGroup = 4FD74A4B1D2B3DFA007DEF38;
			productRefGroup = 4FD74A551D2B3DFA007DEF38 /* Products */;
			projectDirPath = "";
			projectRoot = "";
			targets = (
				4FD74A531D2B3DFA007DEF38 /* Umbrella */,
				4FD74A671D2B3DFA007DEF38 /* UmbrellaTests */,
				4FD74A721D2B3DFA007DEF38 /* UmbrellaUITests */,
			);
		};
/* End PBXProject section */

/* Begin PBXResourcesBuildPhase section */
		4FD74A521D2B3DFA007DEF38 /* Resources */ = {
			isa = PBXResourcesBuildPhase;
			buildActionMask = 2147483647;
			files = (
				4FD74A621D2B3DFA007DEF38 /* LaunchScreen.storyboard in Resources */,
				4FD74A5F1D2B3DFA007DEF38 /* Assets.xcassets in Resources */,
				4FD74A5D1D2B3DFA007DEF38 /* Main.storyboard in Resources */,
			);
			runOnlyForDeploymentPostprocessing = 0;
		};
		4FD74A661D2B3DFA007DEF38 /* Resources */ = {
			isa = PBXResourcesBuildPhase;
			buildActionMask = 2147483647;
			files = (
			);
			runOnlyForDeploymentPostprocessing = 0;
		};
		4FD74A711D2B3DFA007DEF38 /* Resources */ = {
			isa = PBXResourcesBuildPhase;
			buildActionMask = 2147483647;
			files = (
			);
			runOnlyForDeploymentPostprocessing = 0;
		};
/* End PBXResourcesBuildPhase section */

/* Begin PBXSourcesBuildPhase section */
		4FD74A501D2B3DFA007DEF38 /* Sources */ = {
			isa = PBXSourcesBuildPhase;
			buildActionMask = 2147483647;
			files = (
				4FAC4CD11D2BF1030099511F /* Result.swift in Sources */,
				4FAC4D001D2D8FA70099511F /* Colors.swift in Sources */,
				4FAC4CE21D2BFFF20099511F /* Request.swift in Sources */,
				4FAC4CEB1D2C68DC0099511F /* Temperature.swift in Sources */,
				4FD74A881D2B3EBA007DEF38 /* Service.swift in Sources */,
				4FAC4CF71D2D800F0099511F /* Forecast.swift in Sources */,
				4FD74A581D2B3DFA007DEF38 /* AppDelegate.swift in Sources */,
				4FAC4CE71D2C0D310099511F /* ResultParsing.swift in Sources */,
				4FAC4CEF1D2C7C010099511F /* ForecastRequest.swift in Sources */,
				4FAC4CD51D2BF2020099511F /* WeatherViewController.swift in Sources */,
				4FAC4CCE1D2BE8390099511F /* Weather.swift in Sources */,
			);
			runOnlyForDeploymentPostprocessing = 0;
		};
		4FD74A641D2B3DFA007DEF38 /* Sources */ = {
			isa = PBXSourcesBuildPhase;
			buildActionMask = 2147483647;
			files = (
				4FAC4CED1D2C69400099511F /* TemperatureTests.swift in Sources */,
				4FAC4CF51D2C7EDD0099511F /* WeatherData.swift in Sources */,
				4FAC4CDB1D2BF5C00099511F /* WeatherViewControllerTests.swift in Sources */,
				4FAC4CF21D2C7D860099511F /* WeatherTests.swift in Sources */,
				4FAC4CD81D2BF2EF0099511F /* WeatherServiceMock.swift in Sources */,
				4FAC4CFD1D2D85DE0099511F /* Data.swift in Sources */,
				4FAC4CE91D2C1C660099511F /* SendableRequestSpec.swift in Sources */,
				4FAC4CE51D2C05800099511F /* RequestSpec.swift in Sources */,
				4FAC4D021D2D92270099511F /* ForecastRequestSpec.swift in Sources */,
				4FAC4CFB1D2D80F50099511F /* ForecastData.swift in Sources */,
				4FAC4CF91D2D80820099511F /* ForecastSpec.swift in Sources */,
			);
			runOnlyForDeploymentPostprocessing = 0;
		};
		4FD74A6F1D2B3DFA007DEF38 /* Sources */ = {
			isa = PBXSourcesBuildPhase;
			buildActionMask = 2147483647;
			files = (
				4FD74A781D2B3DFA007DEF38 /* UmbrellaUITests.swift in Sources */,
			);
			runOnlyForDeploymentPostprocessing = 0;
		};
/* End PBXSourcesBuildPhase section */

/* Begin PBXTargetDependency section */
		4FD74A6A1D2B3DFA007DEF38 /* PBXTargetDependency */ = {
			isa = PBXTargetDependency;
			target = 4FD74A531D2B3DFA007DEF38 /* Umbrella */;
			targetProxy = 4FD74A691D2B3DFA007DEF38 /* PBXContainerItemProxy */;
		};
		4FD74A751D2B3DFA007DEF38 /* PBXTargetDependency */ = {
			isa = PBXTargetDependency;
			target = 4FD74A531D2B3DFA007DEF38 /* Umbrella */;
			targetProxy = 4FD74A741D2B3DFA007DEF38 /* PBXContainerItemProxy */;
		};
/* End PBXTargetDependency section */

/* Begin PBXVariantGroup section */
		4FD74A5B1D2B3DFA007DEF38 /* Main.storyboard */ = {
			isa = PBXVariantGroup;
			children = (
				4FD74A5C1D2B3DFA007DEF38 /* Base */,
			);
			name = Main.storyboard;
			sourceTree = "<group>";
		};
		4FD74A601D2B3DFA007DEF38 /* LaunchScreen.storyboard */ = {
			isa = PBXVariantGroup;
			children = (
				4FD74A611D2B3DFA007DEF38 /* Base */,
			);
			name = LaunchScreen.storyboard;
			sourceTree = "<group>";
		};
/* End PBXVariantGroup section */

/* Begin XCBuildConfiguration section */
		4FD74A7A1D2B3DFA007DEF38 /* Debug */ = {
			isa = XCBuildConfiguration;
			buildSettings = {
				ALWAYS_SEARCH_USER_PATHS = NO;
				CLANG_ANALYZER_NONNULL = YES;
				CLANG_CXX_LANGUAGE_STANDARD = "gnu++0x";
				CLANG_CXX_LIBRARY = "libc++";
				CLANG_ENABLE_MODULES = YES;
				CLANG_ENABLE_OBJC_ARC = YES;
				CLANG_WARN_BOOL_CONVERSION = YES;
				CLANG_WARN_CONSTANT_CONVERSION = YES;
				CLANG_WARN_DIRECT_OBJC_ISA_USAGE = YES_ERROR;
				CLANG_WARN_EMPTY_BODY = YES;
				CLANG_WARN_ENUM_CONVERSION = YES;
				CLANG_WARN_INT_CONVERSION = YES;
				CLANG_WARN_OBJC_ROOT_CLASS = YES_ERROR;
				CLANG_WARN_UNREACHABLE_CODE = YES;
				CLANG_WARN__DUPLICATE_METHOD_MATCH = YES;
				"CODE_SIGN_IDENTITY[sdk=iphoneos*]" = "iPhone Developer";
				COPY_PHASE_STRIP = NO;
				DEBUG_INFORMATION_FORMAT = dwarf;
				ENABLE_STRICT_OBJC_MSGSEND = YES;
				ENABLE_TESTABILITY = YES;
				GCC_C_LANGUAGE_STANDARD = gnu99;
				GCC_DYNAMIC_NO_PIC = NO;
				GCC_NO_COMMON_BLOCKS = YES;
				GCC_OPTIMIZATION_LEVEL = 0;
				GCC_PREPROCESSOR_DEFINITIONS = (
					"DEBUG=1",
					"$(inherited)",
				);
				GCC_WARN_64_TO_32_BIT_CONVERSION = YES;
				GCC_WARN_ABOUT_RETURN_TYPE = YES_ERROR;
				GCC_WARN_UNDECLARED_SELECTOR = YES;
				GCC_WARN_UNINITIALIZED_AUTOS = YES_AGGRESSIVE;
				GCC_WARN_UNUSED_FUNCTION = YES;
				GCC_WARN_UNUSED_VARIABLE = YES;
				IPHONEOS_DEPLOYMENT_TARGET = 9.3;
				MTL_ENABLE_DEBUG_INFO = YES;
				ONLY_ACTIVE_ARCH = YES;
				SDKROOT = iphoneos;
				SWIFT_OPTIMIZATION_LEVEL = "-Onone";
				TARGETED_DEVICE_FAMILY = "1,2";
			};
			name = Debug;
		};
		4FD74A7B1D2B3DFA007DEF38 /* Release */ = {
			isa = XCBuildConfiguration;
			buildSettings = {
				ALWAYS_SEARCH_USER_PATHS = NO;
				CLANG_ANALYZER_NONNULL = YES;
				CLANG_CXX_LANGUAGE_STANDARD = "gnu++0x";
				CLANG_CXX_LIBRARY = "libc++";
				CLANG_ENABLE_MODULES = YES;
				CLANG_ENABLE_OBJC_ARC = YES;
				CLANG_WARN_BOOL_CONVERSION = YES;
				CLANG_WARN_CONSTANT_CONVERSION = YES;
				CLANG_WARN_DIRECT_OBJC_ISA_USAGE = YES_ERROR;
				CLANG_WARN_EMPTY_BODY = YES;
				CLANG_WARN_ENUM_CONVERSION = YES;
				CLANG_WARN_INT_CONVERSION = YES;
				CLANG_WARN_OBJC_ROOT_CLASS = YES_ERROR;
				CLANG_WARN_UNREACHABLE_CODE = YES;
				CLANG_WARN__DUPLICATE_METHOD_MATCH = YES;
				"CODE_SIGN_IDENTITY[sdk=iphoneos*]" = "iPhone Developer";
				COPY_PHASE_STRIP = NO;
				DEBUG_INFORMATION_FORMAT = "dwarf-with-dsym";
				ENABLE_NS_ASSERTIONS = NO;
				ENABLE_STRICT_OBJC_MSGSEND = YES;
				GCC_C_LANGUAGE_STANDARD = gnu99;
				GCC_NO_COMMON_BLOCKS = YES;
				GCC_WARN_64_TO_32_BIT_CONVERSION = YES;
				GCC_WARN_ABOUT_RETURN_TYPE = YES_ERROR;
				GCC_WARN_UNDECLARED_SELECTOR = YES;
				GCC_WARN_UNINITIALIZED_AUTOS = YES_AGGRESSIVE;
				GCC_WARN_UNUSED_FUNCTION = YES;
				GCC_WARN_UNUSED_VARIABLE = YES;
				IPHONEOS_DEPLOYMENT_TARGET = 9.3;
				MTL_ENABLE_DEBUG_INFO = NO;
				SDKROOT = iphoneos;
				TARGETED_DEVICE_FAMILY = "1,2";
				VALIDATE_PRODUCT = YES;
			};
			name = Release;
		};
		4FD74A7D1D2B3DFA007DEF38 /* Debug */ = {
			isa = XCBuildConfiguration;
			buildSettings = {
				ASSETCATALOG_COMPILER_APPICON_NAME = AppIcon;
				CODE_SIGN_IDENTITY = "iPhone Developer";
				INFOPLIST_FILE = Umbrella/Info.plist;
				IPHONEOS_DEPLOYMENT_TARGET = 9.0;
				LD_RUNPATH_SEARCH_PATHS = "$(inherited) @executable_path/Frameworks";
				PRODUCT_BUNDLE_IDENTIFIER = com.elliottminns.Umbrella;
				PRODUCT_NAME = "$(TARGET_NAME)";
			};
			name = Debug;
		};
		4FD74A7E1D2B3DFA007DEF38 /* Release */ = {
			isa = XCBuildConfiguration;
			buildSettings = {
				ASSETCATALOG_COMPILER_APPICON_NAME = AppIcon;
				CODE_SIGN_IDENTITY = "iPhone Developer";
				INFOPLIST_FILE = Umbrella/Info.plist;
				IPHONEOS_DEPLOYMENT_TARGET = 9.0;
				LD_RUNPATH_SEARCH_PATHS = "$(inherited) @executable_path/Frameworks";
				PRODUCT_BUNDLE_IDENTIFIER = com.elliottminns.Umbrella;
				PRODUCT_NAME = "$(TARGET_NAME)";
			};
			name = Release;
		};
		4FD74A801D2B3DFA007DEF38 /* Debug */ = {
			isa = XCBuildConfiguration;
			buildSettings = {
				BUNDLE_LOADER = "$(TEST_HOST)";
				CLANG_ENABLE_MODULES = YES;
				FRAMEWORK_SEARCH_PATHS = (
					"$(inherited)",
					"$(PROJECT_DIR)/Carthage/Build/iOS",
				);
				INFOPLIST_FILE = UmbrellaTests/Info.plist;
				LD_RUNPATH_SEARCH_PATHS = "$(inherited) @executable_path/Frameworks @loader_path/Frameworks $(SRCROOT)/Carthage/Build/iOS";
				PRODUCT_BUNDLE_IDENTIFIER = com.elliottminns.UmbrellaTests;
				PRODUCT_NAME = "$(TARGET_NAME)";
				SWIFT_OPTIMIZATION_LEVEL = "-Onone";
				TEST_HOST = "$(BUILT_PRODUCTS_DIR)/Umbrella.app/Umbrella";
			};
			name = Debug;
		};
		4FD74A811D2B3DFA007DEF38 /* Release */ = {
			isa = XCBuildConfiguration;
			buildSettings = {
				BUNDLE_LOADER = "$(TEST_HOST)";
				CLANG_ENABLE_MODULES = YES;
				FRAMEWORK_SEARCH_PATHS = (
					"$(inherited)",
					"$(PROJECT_DIR)/Carthage/Build/iOS",
				);
				INFOPLIST_FILE = UmbrellaTests/Info.plist;
				LD_RUNPATH_SEARCH_PATHS = "$(inherited) @executable_path/Frameworks @loader_path/Frameworks $(SRCROOT)/Carthage/Build/iOS";
				PRODUCT_BUNDLE_IDENTIFIER = com.elliottminns.UmbrellaTests;
				PRODUCT_NAME = "$(TARGET_NAME)";
				TEST_HOST = "$(BUILT_PRODUCTS_DIR)/Umbrella.app/Umbrella";
			};
			name = Release;
		};
		4FD74A831D2B3DFA007DEF38 /* Debug */ = {
			isa = XCBuildConfiguration;
			buildSettings = {
				INFOPLIST_FILE = UmbrellaUITests/Info.plist;
				LD_RUNPATH_SEARCH_PATHS = "$(inherited) @executable_path/Frameworks @loader_path/Frameworks";
				PRODUCT_BUNDLE_IDENTIFIER = com.elliottminns.UmbrellaUITests;
				PRODUCT_NAME = "$(TARGET_NAME)";
				TEST_TARGET_NAME = Umbrella;
			};
			name = Debug;
		};
		4FD74A841D2B3DFA007DEF38 /* Release */ = {
			isa = XCBuildConfiguration;
			buildSettings = {
				INFOPLIST_FILE = UmbrellaUITests/Info.plist;
				LD_RUNPATH_SEARCH_PATHS = "$(inherited) @executable_path/Frameworks @loader_path/Frameworks";
				PRODUCT_BUNDLE_IDENTIFIER = com.elliottminns.UmbrellaUITests;
				PRODUCT_NAME = "$(TARGET_NAME)";
				TEST_TARGET_NAME = Umbrella;
			};
			name = Release;
		};
/* End XCBuildConfiguration section */

/* Begin XCConfigurationList section */
		4FD74A4F1D2B3DFA007DEF38 /* Build configuration list for PBXProject "Umbrella" */ = {
			isa = XCConfigurationList;
			buildConfigurations = (
				4FD74A7A1D2B3DFA007DEF38 /* Debug */,
				4FD74A7B1D2B3DFA007DEF38 /* Release */,
			);
			defaultConfigurationIsVisible = 0;
			defaultConfigurationName = Release;
		};
		4FD74A7C1D2B3DFA007DEF38 /* Build configuration list for PBXNativeTarget "Umbrella" */ = {
			isa = XCConfigurationList;
			buildConfigurations = (
				4FD74A7D1D2B3DFA007DEF38 /* Debug */,
				4FD74A7E1D2B3DFA007DEF38 /* Release */,
			);
			defaultConfigurationIsVisible = 0;
			defaultConfigurationName = Release;
		};
		4FD74A7F1D2B3DFA007DEF38 /* Build configuration list for PBXNativeTarget "UmbrellaTests" */ = {
			isa = XCConfigurationList;
			buildConfigurations = (
				4FD74A801D2B3DFA007DEF38 /* Debug */,
				4FD74A811D2B3DFA007DEF38 /* Release */,
			);
			defaultConfigurationIsVisible = 0;
			defaultConfigurationName = Release;
		};
		4FD74A821D2B3DFA007DEF38 /* Build configuration list for PBXNativeTarget "UmbrellaUITests" */ = {
			isa = XCConfigurationList;
			buildConfigurations = (
				4FD74A831D2B3DFA007DEF38 /* Debug */,
				4FD74A841D2B3DFA007DEF38 /* Release */,
			);
			defaultConfigurationIsVisible = 0;
			defaultConfigurationName = Release;
		};
/* End XCConfigurationList section */
	};
	rootObject = 4FD74A4C1D2B3DFA007DEF38 /* Project object */;
}
